
Microsoft Visual Studio Solution File, Format Version 12.00
# Visual Studio Version 17
VisualStudioVersion = 17.10.34928.147
MinimumVisualStudioVersion = 10.0.40219.1
Project("{9A19103F-16F7-4668-BE54-9A1E7A4F7556}") = "SistemaGestionUI", "SistemaGestionUI.csproj", "{2EBAC802-E3A4-482A-8016-DB717F2A017A}"
EndProject
Project("{9A19103F-16F7-4668-BE54-9A1E7A4F7556}") = "SistemaGestionEntities", "..\SistemaGestionEntities\SistemaGestionEntities.csproj", "{CC4213AE-8BE8-435F-98E7-08AC1FAC7643}"
EndProject
Project("{9A19103F-16F7-4668-BE54-9A1E7A4F7556}") = "SistemaGestionData", "..\SistemaGestionData\SistemaGestionData.csproj", "{DE830225-AC4A-4EA0-81B3-D4D299A65A87}"
EndProject
Project("{9A19103F-16F7-4668-BE54-9A1E7A4F7556}") = "SistemaGestionBussiness", "..\SistemaGestionBussiness\SistemaGestionBussiness.csproj", "{BE84EE55-3F8E-4ABD-8268-EC9A89915C67}"
EndProject
Project("{9A19103F-16F7-4668-BE54-9A1E7A4F7556}") = "SistemaGestionWebApi", "..\SistemaGestionWebApi\SistemaGestionWebApi.csproj", "{6F28D5C7-4552-4925-85B5-3ADA90CFA5BE}"
EndProject
Project("{9A19103F-16F7-4668-BE54-9A1E7A4F7556}") = "SistemaGestion-WinFormConsumoApi", "..\SistemaGestion-WinFormConsumoApi\SistemaGestion-WinFormConsumoApi\SistemaGestion-WinFormConsumoApi.csproj", "{5E13DFDA-6C10-4D53-B99F-0DE39F84D103}"
EndProject
Global
	GlobalSection(SolutionConfigurationPlatforms) = preSolution
		Debug|Any CPU = Debug|Any CPU
		Release|Any CPU = Release|Any CPU
	EndGlobalSection
	GlobalSection(ProjectConfigurationPlatforms) = postSolution
		{2EBAC802-E3A4-482A-8016-DB717F2A017A}.Debug|Any CPU.ActiveCfg = Debug|Any CPU
		{2EBAC802-E3A4-482A-8016-DB717F2A017A}.Debug|Any CPU.Build.0 = Debug|Any CPU
		{2EBAC802-E3A4-482A-8016-DB717F2A017A}.Release|Any CPU.ActiveCfg = Release|Any CPU
		{2EBAC802-E3A4-482A-8016-DB717F2A017A}.Release|Any CPU.Build.0 = Release|Any CPU
		{CC4213AE-8BE8-435F-98E7-08AC1FAC7643}.Debug|Any CPU.ActiveCfg = Debug|Any CPU
		{CC4213AE-8BE8-435F-98E7-08AC1FAC7643}.Debug|Any CPU.Build.0 = Debug|Any CPU
		{CC4213AE-8BE8-435F-98E7-08AC1FAC7643}.Release|Any CPU.ActiveCfg = Release|Any CPU
		{CC4213AE-8BE8-435F-98E7-08AC1FAC7643}.Release|Any CPU.Build.0 = Release|Any CPU
		{DE830225-AC4A-4EA0-81B3-D4D299A65A87}.Debug|Any CPU.ActiveCfg = Debug|Any CPU
		{DE830225-AC4A-4EA0-81B3-D4D299A65A87}.Debug|Any CPU.Build.0 = Debug|Any CPU
		{DE830225-AC4A-4EA0-81B3-D4D299A65A87}.Release|Any CPU.ActiveCfg = Release|Any CPU
		{DE830225-AC4A-4EA0-81B3-D4D299A65A87}.Release|Any CPU.Build.0 = Release|Any CPU
		{BE84EE55-3F8E-4ABD-8268-EC9A89915C67}.Debug|Any CPU.ActiveCfg = Debug|Any CPU
		{BE84EE55-3F8E-4ABD-8268-EC9A89915C67}.Debug|Any CPU.Build.0 = Debug|Any CPU
		{BE84EE55-3F8E-4ABD-8268-EC9A89915C67}.Release|Any CPU.ActiveCfg = Release|Any CPU
		{BE84EE55-3F8E-4ABD-8268-EC9A89915C67}.Release|Any CPU.Build.0 = Release|Any CPU
		{6F28D5C7-4552-4925-85B5-3ADA90CFA5BE}.Debug|Any CPU.ActiveCfg = Debug|Any CPU
		{6F28D5C7-4552-4925-85B5-3ADA90CFA5BE}.Debug|Any CPU.Build.0 = Debug|Any CPU
		{6F28D5C7-4552-4925-85B5-3ADA90CFA5BE}.Release|Any CPU.ActiveCfg = Release|Any CPU
		{6F28D5C7-4552-4925-85B5-3ADA90CFA5BE}.Release|Any CPU.Build.0 = Release|Any CPU
		{5E13DFDA-6C10-4D53-B99F-0DE39F84D103}.Debug|Any CPU.ActiveCfg = Debug|Any CPU
		{5E13DFDA-6C10-4D53-B99F-0DE39F84D103}.Debug|Any CPU.Build.0 = Debug|Any CPU
		{5E13DFDA-6C10-4D53-B99F-0DE39F84D103}.Release|Any CPU.ActiveCfg = Release|Any CPU
		{5E13DFDA-6C10-4D53-B99F-0DE39F84D103}.Release|Any CPU.Build.0 = Release|Any CPU
	EndGlobalSection
	GlobalSection(SolutionProperties) = preSolution
		HideSolutionNode = FALSE
	EndGlobalSection
	GlobalSection(ExtensibilityGlobals) = postSolution
		SolutionGuid = {7B77F954-BB0B-4668-9F58-45190C8080AB}
	EndGlobalSection
EndGlobal
